// !$*UTF8*$!
{
	archiveVersion = 1;
	classes = {
	};
	objectVersion = 50;
	objects = {

/* Begin PBXBuildFile section */
		DC1550A7242F88CE00128B07 /* AppDelegate.swift in Sources */ = {isa = PBXBuildFile; fileRef = DC1550A6242F88CE00128B07 /* AppDelegate.swift */; };
		DC1550AB242F88CE00128B07 /* ViewController.swift in Sources */ = {isa = PBXBuildFile; fileRef = DC1550AA242F88CE00128B07 /* ViewController.swift */; };
		DC1550AE242F88CE00128B07 /* Main.storyboard in Resources */ = {isa = PBXBuildFile; fileRef = DC1550AC242F88CE00128B07 /* Main.storyboard */; };
		DC1550B0242F88CF00128B07 /* Assets.xcassets in Resources */ = {isa = PBXBuildFile; fileRef = DC1550AF242F88CF00128B07 /* Assets.xcassets */; };
		DC1550B3242F88CF00128B07 /* LaunchScreen.storyboard in Resources */ = {isa = PBXBuildFile; fileRef = DC1550B1242F88CF00128B07 /* LaunchScreen.storyboard */; };
		DC155140242F909F00128B07 /* UIImageView+Extension.swift in Sources */ = {isa = PBXBuildFile; fileRef = DC155115242F909F00128B07 /* UIImageView+Extension.swift */; };
		DC155141242F909F00128B07 /* UIFont+Extension.swift in Sources */ = {isa = PBXBuildFile; fileRef = DC155116242F909F00128B07 /* UIFont+Extension.swift */; };
		DC155142242F909F00128B07 /* UIColor+Extension.swift in Sources */ = {isa = PBXBuildFile; fileRef = DC155117242F909F00128B07 /* UIColor+Extension.swift */; };
		DC155143242F909F00128B07 /* UIButton+Extension.swift in Sources */ = {isa = PBXBuildFile; fileRef = DC155118242F909F00128B07 /* UIButton+Extension.swift */; };
		DC155144242F909F00128B07 /* UIView+Extension.swift in Sources */ = {isa = PBXBuildFile; fileRef = DC155119242F909F00128B07 /* UIView+Extension.swift */; };
		DC155145242F909F00128B07 /* UIImage+Extension.swift in Sources */ = {isa = PBXBuildFile; fileRef = DC15511A242F909F00128B07 /* UIImage+Extension.swift */; };
		DC155146242F909F00128B07 /* UINavigationController+Extension.swift in Sources */ = {isa = PBXBuildFile; fileRef = DC15511B242F909F00128B07 /* UINavigationController+Extension.swift */; };
		DC155147242F909F00128B07 /* UIView+Icon.swift in Sources */ = {isa = PBXBuildFile; fileRef = DC15511C242F909F00128B07 /* UIView+Icon.swift */; };
		DC155148242F909F00128B07 /* UIScrollView+PlaceHolder.swift in Sources */ = {isa = PBXBuildFile; fileRef = DC15511D242F909F00128B07 /* UIScrollView+PlaceHolder.swift */; };
		DC155149242F909F00128B07 /* UIView+Watermark.swift in Sources */ = {isa = PBXBuildFile; fileRef = DC15511E242F909F00128B07 /* UIView+Watermark.swift */; };
		DC15514A242F909F00128B07 /* View+GestureRecognizer.swift in Sources */ = {isa = PBXBuildFile; fileRef = DC15511F242F909F00128B07 /* View+GestureRecognizer.swift */; };
		DC15514B242F909F00128B07 /* UIView+Shot.swift in Sources */ = {isa = PBXBuildFile; fileRef = DC155120242F909F00128B07 /* UIView+Shot.swift */; };
		DC15514C242F909F00128B07 /* UITableViewCell+Extension.swift in Sources */ = {isa = PBXBuildFile; fileRef = DC155121242F909F00128B07 /* UITableViewCell+Extension.swift */; };
		DC15514D242F909F00128B07 /* View+Layout.swift in Sources */ = {isa = PBXBuildFile; fileRef = DC155122242F909F00128B07 /* View+Layout.swift */; };
		DC15514E242F909F00128B07 /* UICollectionView+Extension.swift in Sources */ = {isa = PBXBuildFile; fileRef = DC155123242F909F00128B07 /* UICollectionView+Extension.swift */; };
		DC15514F242F909F00128B07 /* UITextField+Extension.swift in Sources */ = {isa = PBXBuildFile; fileRef = DC155124242F909F00128B07 /* UITextField+Extension.swift */; };
		DC155150242F909F00128B07 /* ViewController+Extension.swift in Sources */ = {isa = PBXBuildFile; fileRef = DC155125242F909F00128B07 /* ViewController+Extension.swift */; };
		DC155151242F909F00128B07 /* UITableView+Extension.swift in Sources */ = {isa = PBXBuildFile; fileRef = DC155126242F909F00128B07 /* UITableView+Extension.swift */; };
		DC155152242F909F00128B07 /* UIApplication+Extension.swift in Sources */ = {isa = PBXBuildFile; fileRef = DC155128242F909F00128B07 /* UIApplication+Extension.swift */; };
		DC155153242F909F00128B07 /* UIDevice+Extension.swift in Sources */ = {isa = PBXBuildFile; fileRef = DC155129242F909F00128B07 /* UIDevice+Extension.swift */; };
		DC155154242F909F00128B07 /* NSArray+Extension.swift in Sources */ = {isa = PBXBuildFile; fileRef = DC15512A242F909F00128B07 /* NSArray+Extension.swift */; };
		DC155155242F909F00128B07 /* Int+Extension.swift in Sources */ = {isa = PBXBuildFile; fileRef = DC15512B242F909F00128B07 /* Int+Extension.swift */; };
		DC155156242F909F00128B07 /* Date+Extension.swift in Sources */ = {isa = PBXBuildFile; fileRef = DC15512C242F909F00128B07 /* Date+Extension.swift */; };
		DC155157242F909F00128B07 /* NSObject+Extension.swift in Sources */ = {isa = PBXBuildFile; fileRef = DC15512D242F909F00128B07 /* NSObject+Extension.swift */; };
		DC155158242F909F00128B07 /* DispatchQueue+Extension.swift in Sources */ = {isa = PBXBuildFile; fileRef = DC15512E242F909F00128B07 /* DispatchQueue+Extension.swift */; };
		DC155159242F909F00128B07 /* Bundle+Extension.swift in Sources */ = {isa = PBXBuildFile; fileRef = DC15512F242F909F00128B07 /* Bundle+Extension.swift */; };
		DC15515A242F909F00128B07 /* JSON+Extension.swift in Sources */ = {isa = PBXBuildFile; fileRef = DC155130242F909F00128B07 /* JSON+Extension.swift */; };
		DC15515B242F909F00128B07 /* NotificationCenter+Extension.swift in Sources */ = {isa = PBXBuildFile; fileRef = DC155131242F909F00128B07 /* NotificationCenter+Extension.swift */; };
		DC15515C242F909F00128B07 /* URL+Extension.swift in Sources */ = {isa = PBXBuildFile; fileRef = DC155132242F909F00128B07 /* URL+Extension.swift */; };
		DC15515D242F909F00128B07 /* IndexPath+Extension.swift in Sources */ = {isa = PBXBuildFile; fileRef = DC155133242F909F00128B07 /* IndexPath+Extension.swift */; };
		DC15515E242F909F00128B07 /* String+Extension.swift in Sources */ = {isa = PBXBuildFile; fileRef = DC155134242F909F00128B07 /* String+Extension.swift */; };
		DC15515F242F909F00128B07 /* UIStoryboard+Extension.swift in Sources */ = {isa = PBXBuildFile; fileRef = DC155135242F909F00128B07 /* UIStoryboard+Extension.swift */; };
		DC155160242F909F00128B07 /* NSMutableAttributedString+Extension.swift in Sources */ = {isa = PBXBuildFile; fileRef = DC155136242F909F00128B07 /* NSMutableAttributedString+Extension.swift */; };
		DC155161242F909F00128B07 /* CGPoint+Extension.swift in Sources */ = {isa = PBXBuildFile; fileRef = DC155137242F909F00128B07 /* CGPoint+Extension.swift */; };
		DC155162242F909F00128B07 /* CoreMedia+Extension.swift in Sources */ = {isa = PBXBuildFile; fileRef = DC155138242F909F00128B07 /* CoreMedia+Extension.swift */; };
		DC155163242F909F00128B07 /* Notification+Extension.swift in Sources */ = {isa = PBXBuildFile; fileRef = DC155139242F909F00128B07 /* Notification+Extension.swift */; };
		DC155164242F909F00128B07 /* Timer+Extension.swift in Sources */ = {isa = PBXBuildFile; fileRef = DC15513A242F909F00128B07 /* Timer+Extension.swift */; };
		DC155165242F909F00128B07 /* Dictionary+Extension.swift in Sources */ = {isa = PBXBuildFile; fileRef = DC15513B242F909F00128B07 /* Dictionary+Extension.swift */; };
		DC155166242F909F00128B07 /* Path+Extension.swift in Sources */ = {isa = PBXBuildFile; fileRef = DC15513C242F909F00128B07 /* Path+Extension.swift */; };
		DC155167242F909F00128B07 /* CGRect+Extension.swift in Sources */ = {isa = PBXBuildFile; fileRef = DC15513D242F909F00128B07 /* CGRect+Extension.swift */; };
		DC155168242F909F00128B07 /* NotificationName+Extension.swift in Sources */ = {isa = PBXBuildFile; fileRef = DC15513E242F909F00128B07 /* NotificationName+Extension.swift */; };
		DC155169242F909F00128B07 /* CGFloat+Extension.swift in Sources */ = {isa = PBXBuildFile; fileRef = DC15513F242F909F00128B07 /* CGFloat+Extension.swift */; };
/* End PBXBuildFile section */

/* Begin PBXFileReference section */
		DC1550A3242F88CE00128B07 /* GAExtension.app */ = {isa = PBXFileReference; explicitFileType = wrapper.application; includeInIndex = 0; path = GAExtension.app; sourceTree = BUILT_PRODUCTS_DIR; };
		DC1550A6242F88CE00128B07 /* AppDelegate.swift */ = {isa = PBXFileReference; lastKnownFileType = sourcecode.swift; path = AppDelegate.swift; sourceTree = "<group>"; };
		DC1550AA242F88CE00128B07 /* ViewController.swift */ = {isa = PBXFileReference; lastKnownFileType = sourcecode.swift; path = ViewController.swift; sourceTree = "<group>"; };
		DC1550AD242F88CE00128B07 /* Base */ = {isa = PBXFileReference; lastKnownFileType = file.storyboard; name = Base; path = Base.lproj/Main.storyboard; sourceTree = "<group>"; };
		DC1550AF242F88CF00128B07 /* Assets.xcassets */ = {isa = PBXFileReference; lastKnownFileType = folder.assetcatalog; path = Assets.xcassets; sourceTree = "<group>"; };
		DC1550B2242F88CF00128B07 /* Base */ = {isa = PBXFileReference; lastKnownFileType = file.storyboard; name = Base; path = Base.lproj/LaunchScreen.storyboard; sourceTree = "<group>"; };
		DC1550B4242F88CF00128B07 /* Info.plist */ = {isa = PBXFileReference; lastKnownFileType = text.plist.xml; path = Info.plist; sourceTree = "<group>"; };
		DC155115242F909F00128B07 /* UIImageView+Extension.swift */ = {isa = PBXFileReference; fileEncoding = 4; lastKnownFileType = sourcecode.swift; path = "UIImageView+Extension.swift"; sourceTree = "<group>"; };
		DC155116242F909F00128B07 /* UIFont+Extension.swift */ = {isa = PBXFileReference; fileEncoding = 4; lastKnownFileType = sourcecode.swift; path = "UIFont+Extension.swift"; sourceTree = "<group>"; };
		DC155117242F909F00128B07 /* UIColor+Extension.swift */ = {isa = PBXFileReference; fileEncoding = 4; lastKnownFileType = sourcecode.swift; path = "UIColor+Extension.swift"; sourceTree = "<group>"; };
		DC155118242F909F00128B07 /* UIButton+Extension.swift */ = {isa = PBXFileReference; fileEncoding = 4; lastKnownFileType = sourcecode.swift; path = "UIButton+Extension.swift"; sourceTree = "<group>"; };
		DC155119242F909F00128B07 /* UIView+Extension.swift */ = {isa = PBXFileReference; fileEncoding = 4; lastKnownFileType = sourcecode.swift; path = "UIView+Extension.swift"; sourceTree = "<group>"; };
		DC15511A242F909F00128B07 /* UIImage+Extension.swift */ = {isa = PBXFileReference; fileEncoding = 4; lastKnownFileType = sourcecode.swift; path = "UIImage+Extension.swift"; sourceTree = "<group>"; };
		DC15511B242F909F00128B07 /* UINavigationController+Extension.swift */ = {isa = PBXFileReference; fileEncoding = 4; lastKnownFileType = sourcecode.swift; path = "UINavigationController+Extension.swift"; sourceTree = "<group>"; };
		DC15511C242F909F00128B07 /* UIView+Icon.swift */ = {isa = PBXFileReference; fileEncoding = 4; lastKnownFileType = sourcecode.swift; path = "UIView+Icon.swift"; sourceTree = "<group>"; };
		DC15511D242F909F00128B07 /* UIScrollView+PlaceHolder.swift */ = {isa = PBXFileReference; fileEncoding = 4; lastKnownFileType = sourcecode.swift; path = "UIScrollView+PlaceHolder.swift"; sourceTree = "<group>"; };
		DC15511E242F909F00128B07 /* UIView+Watermark.swift */ = {isa = PBXFileReference; fileEncoding = 4; lastKnownFileType = sourcecode.swift; path = "UIView+Watermark.swift"; sourceTree = "<group>"; };
		DC15511F242F909F00128B07 /* View+GestureRecognizer.swift */ = {isa = PBXFileReference; fileEncoding = 4; lastKnownFileType = sourcecode.swift; path = "View+GestureRecognizer.swift"; sourceTree = "<group>"; };
		DC155120242F909F00128B07 /* UIView+Shot.swift */ = {isa = PBXFileReference; fileEncoding = 4; lastKnownFileType = sourcecode.swift; path = "UIView+Shot.swift"; sourceTree = "<group>"; };
		DC155121242F909F00128B07 /* UITableViewCell+Extension.swift */ = {isa = PBXFileReference; fileEncoding = 4; lastKnownFileType = sourcecode.swift; path = "UITableViewCell+Extension.swift"; sourceTree = "<group>"; };
		DC155122242F909F00128B07 /* View+Layout.swift */ = {isa = PBXFileReference; fileEncoding = 4; lastKnownFileType = sourcecode.swift; path = "View+Layout.swift"; sourceTree = "<group>"; };
		DC155123242F909F00128B07 /* UICollectionView+Extension.swift */ = {isa = PBXFileReference; fileEncoding = 4; lastKnownFileType = sourcecode.swift; path = "UICollectionView+Extension.swift"; sourceTree = "<group>"; };
		DC155124242F909F00128B07 /* UITextField+Extension.swift */ = {isa = PBXFileReference; fileEncoding = 4; lastKnownFileType = sourcecode.swift; path = "UITextField+Extension.swift"; sourceTree = "<group>"; };
		DC155125242F909F00128B07 /* ViewController+Extension.swift */ = {isa = PBXFileReference; fileEncoding = 4; lastKnownFileType = sourcecode.swift; path = "ViewController+Extension.swift"; sourceTree = "<group>"; };
		DC155126242F909F00128B07 /* UITableView+Extension.swift */ = {isa = PBXFileReference; fileEncoding = 4; lastKnownFileType = sourcecode.swift; path = "UITableView+Extension.swift"; sourceTree = "<group>"; };
		DC155128242F909F00128B07 /* UIApplication+Extension.swift */ = {isa = PBXFileReference; fileEncoding = 4; lastKnownFileType = sourcecode.swift; path = "UIApplication+Extension.swift"; sourceTree = "<group>"; };
		DC155129242F909F00128B07 /* UIDevice+Extension.swift */ = {isa = PBXFileReference; fileEncoding = 4; lastKnownFileType = sourcecode.swift; path = "UIDevice+Extension.swift"; sourceTree = "<group>"; };
		DC15512A242F909F00128B07 /* NSArray+Extension.swift */ = {isa = PBXFileReference; fileEncoding = 4; lastKnownFileType = sourcecode.swift; path = "NSArray+Extension.swift"; sourceTree = "<group>"; };
		DC15512B242F909F00128B07 /* Int+Extension.swift */ = {isa = PBXFileReference; fileEncoding = 4; lastKnownFileType = sourcecode.swift; path = "Int+Extension.swift"; sourceTree = "<group>"; };
		DC15512C242F909F00128B07 /* Date+Extension.swift */ = {isa = PBXFileReference; fileEncoding = 4; lastKnownFileType = sourcecode.swift; path = "Date+Extension.swift"; sourceTree = "<group>"; };
		DC15512D242F909F00128B07 /* NSObject+Extension.swift */ = {isa = PBXFileReference; fileEncoding = 4; lastKnownFileType = sourcecode.swift; path = "NSObject+Extension.swift"; sourceTree = "<group>"; };
		DC15512E242F909F00128B07 /* DispatchQueue+Extension.swift */ = {isa = PBXFileReference; fileEncoding = 4; lastKnownFileType = sourcecode.swift; path = "DispatchQueue+Extension.swift"; sourceTree = "<group>"; };
		DC15512F242F909F00128B07 /* Bundle+Extension.swift */ = {isa = PBXFileReference; fileEncoding = 4; lastKnownFileType = sourcecode.swift; path = "Bundle+Extension.swift"; sourceTree = "<group>"; };
		DC155130242F909F00128B07 /* JSON+Extension.swift */ = {isa = PBXFileReference; fileEncoding = 4; lastKnownFileType = sourcecode.swift; path = "JSON+Extension.swift"; sourceTree = "<group>"; };
		DC155131242F909F00128B07 /* NotificationCenter+Extension.swift */ = {isa = PBXFileReference; fileEncoding = 4; lastKnownFileType = sourcecode.swift; path = "NotificationCenter+Extension.swift"; sourceTree = "<group>"; };
		DC155132242F909F00128B07 /* URL+Extension.swift */ = {isa = PBXFileReference; fileEncoding = 4; lastKnownFileType = sourcecode.swift; path = "URL+Extension.swift"; sourceTree = "<group>"; };
		DC155133242F909F00128B07 /* IndexPath+Extension.swift */ = {isa = PBXFileReference; fileEncoding = 4; lastKnownFileType = sourcecode.swift; path = "IndexPath+Extension.swift"; sourceTree = "<group>"; };
		DC155134242F909F00128B07 /* String+Extension.swift */ = {isa = PBXFileReference; fileEncoding = 4; lastKnownFileType = sourcecode.swift; path = "String+Extension.swift"; sourceTree = "<group>"; };
		DC155135242F909F00128B07 /* UIStoryboard+Extension.swift */ = {isa = PBXFileReference; fileEncoding = 4; lastKnownFileType = sourcecode.swift; path = "UIStoryboard+Extension.swift"; sourceTree = "<group>"; };
		DC155136242F909F00128B07 /* NSMutableAttributedString+Extension.swift */ = {isa = PBXFileReference; fileEncoding = 4; lastKnownFileType = sourcecode.swift; path = "NSMutableAttributedString+Extension.swift"; sourceTree = "<group>"; };
		DC155137242F909F00128B07 /* CGPoint+Extension.swift */ = {isa = PBXFileReference; fileEncoding = 4; lastKnownFileType = sourcecode.swift; path = "CGPoint+Extension.swift"; sourceTree = "<group>"; };
		DC155138242F909F00128B07 /* CoreMedia+Extension.swift */ = {isa = PBXFileReference; fileEncoding = 4; lastKnownFileType = sourcecode.swift; path = "CoreMedia+Extension.swift"; sourceTree = "<group>"; };
		DC155139242F909F00128B07 /* Notification+Extension.swift */ = {isa = PBXFileReference; fileEncoding = 4; lastKnownFileType = sourcecode.swift; path = "Notification+Extension.swift"; sourceTree = "<group>"; };
		DC15513A242F909F00128B07 /* Timer+Extension.swift */ = {isa = PBXFileReference; fileEncoding = 4; lastKnownFileType = sourcecode.swift; path = "Timer+Extension.swift"; sourceTree = "<group>"; };
		DC15513B242F909F00128B07 /* Dictionary+Extension.swift */ = {isa = PBXFileReference; fileEncoding = 4; lastKnownFileType = sourcecode.swift; path = "Dictionary+Extension.swift"; sourceTree = "<group>"; };
		DC15513C242F909F00128B07 /* Path+Extension.swift */ = {isa = PBXFileReference; fileEncoding = 4; lastKnownFileType = sourcecode.swift; path = "Path+Extension.swift"; sourceTree = "<group>"; };
		DC15513D242F909F00128B07 /* CGRect+Extension.swift */ = {isa = PBXFileReference; fileEncoding = 4; lastKnownFileType = sourcecode.swift; path = "CGRect+Extension.swift"; sourceTree = "<group>"; };
		DC15513E242F909F00128B07 /* NotificationName+Extension.swift */ = {isa = PBXFileReference; fileEncoding = 4; lastKnownFileType = sourcecode.swift; path = "NotificationName+Extension.swift"; sourceTree = "<group>"; };
		DC15513F242F909F00128B07 /* CGFloat+Extension.swift */ = {isa = PBXFileReference; fileEncoding = 4; lastKnownFileType = sourcecode.swift; path = "CGFloat+Extension.swift"; sourceTree = "<group>"; };
/* End PBXFileReference section */

/* Begin PBXFrameworksBuildPhase section */
		DC1550A0242F88CE00128B07 /* Frameworks */ = {
			isa = PBXFrameworksBuildPhase;
			buildActionMask = 2147483647;
			files = (
			);
			runOnlyForDeploymentPostprocessing = 0;
		};
/* End PBXFrameworksBuildPhase section */

/* Begin PBXGroup section */
		DC15509A242F88CE00128B07 = {
			isa = PBXGroup;
			children = (
				DC1550A5242F88CE00128B07 /* GAExtension */,
				DC1550A4242F88CE00128B07 /* Products */,
			);
			sourceTree = "<group>";
		};
		DC1550A4242F88CE00128B07 /* Products */ = {
			isa = PBXGroup;
			children = (
				DC1550A3242F88CE00128B07 /* GAExtension.app */,
			);
			name = Products;
			sourceTree = "<group>";
		};
		DC1550A5242F88CE00128B07 /* GAExtension */ = {
			isa = PBXGroup;
			children = (
				DC155113242F909F00128B07 /* Classes */,
				DC1550A6242F88CE00128B07 /* AppDelegate.swift */,
				DC1550AA242F88CE00128B07 /* ViewController.swift */,
				DC1550AC242F88CE00128B07 /* Main.storyboard */,
				DC1550AF242F88CF00128B07 /* Assets.xcassets */,
				DC1550B1242F88CF00128B07 /* LaunchScreen.storyboard */,
				DC1550B4242F88CF00128B07 /* Info.plist */,
			);
			path = GAExtension;
			sourceTree = "<group>";
		};
		DC155113242F909F00128B07 /* Classes */ = {
			isa = PBXGroup;
			children = (
				DC155114242F909F00128B07 /* UIKit */,
				DC155127242F909F00128B07 /* Foundation */,
			);
			path = Classes;
			sourceTree = "<group>";
		};
		DC155114242F909F00128B07 /* UIKit */ = {
			isa = PBXGroup;
			children = (
				DC155115242F909F00128B07 /* UIImageView+Extension.swift */,
				DC155116242F909F00128B07 /* UIFont+Extension.swift */,
				DC155117242F909F00128B07 /* UIColor+Extension.swift */,
				DC155118242F909F00128B07 /* UIButton+Extension.swift */,
				DC155119242F909F00128B07 /* UIView+Extension.swift */,
				DC15511A242F909F00128B07 /* UIImage+Extension.swift */,
				DC15511B242F909F00128B07 /* UINavigationController+Extension.swift */,
				DC15511C242F909F00128B07 /* UIView+Icon.swift */,
				DC15511D242F909F00128B07 /* UIScrollView+PlaceHolder.swift */,
				DC15511E242F909F00128B07 /* UIView+Watermark.swift */,
				DC15511F242F909F00128B07 /* View+GestureRecognizer.swift */,
				DC155120242F909F00128B07 /* UIView+Shot.swift */,
				DC155121242F909F00128B07 /* UITableViewCell+Extension.swift */,
				DC155122242F909F00128B07 /* View+Layout.swift */,
				DC155123242F909F00128B07 /* UICollectionView+Extension.swift */,
				DC155124242F909F00128B07 /* UITextField+Extension.swift */,
				DC155125242F909F00128B07 /* ViewController+Extension.swift */,
				DC155126242F909F00128B07 /* UITableView+Extension.swift */,
			);
			path = UIKit;
			sourceTree = "<group>";
		};
		DC155127242F909F00128B07 /* Foundation */ = {
			isa = PBXGroup;
			children = (
				DC155128242F909F00128B07 /* UIApplication+Extension.swift */,
				DC155129242F909F00128B07 /* UIDevice+Extension.swift */,
				DC15512A242F909F00128B07 /* NSArray+Extension.swift */,
				DC15512B242F909F00128B07 /* Int+Extension.swift */,
				DC15512C242F909F00128B07 /* Date+Extension.swift */,
				DC15512D242F909F00128B07 /* NSObject+Extension.swift */,
				DC15512E242F909F00128B07 /* DispatchQueue+Extension.swift */,
				DC15512F242F909F00128B07 /* Bundle+Extension.swift */,
				DC155130242F909F00128B07 /* JSON+Extension.swift */,
				DC155131242F909F00128B07 /* NotificationCenter+Extension.swift */,
				DC155132242F909F00128B07 /* URL+Extension.swift */,
				DC155133242F909F00128B07 /* IndexPath+Extension.swift */,
				DC155134242F909F00128B07 /* String+Extension.swift */,
				DC155135242F909F00128B07 /* UIStoryboard+Extension.swift */,
				DC155136242F909F00128B07 /* NSMutableAttributedString+Extension.swift */,
				DC155137242F909F00128B07 /* CGPoint+Extension.swift */,
				DC155138242F909F00128B07 /* CoreMedia+Extension.swift */,
				DC155139242F909F00128B07 /* Notification+Extension.swift */,
				DC15513A242F909F00128B07 /* Timer+Extension.swift */,
				DC15513B242F909F00128B07 /* Dictionary+Extension.swift */,
				DC15513C242F909F00128B07 /* Path+Extension.swift */,
				DC15513D242F909F00128B07 /* CGRect+Extension.swift */,
				DC15513E242F909F00128B07 /* NotificationName+Extension.swift */,
				DC15513F242F909F00128B07 /* CGFloat+Extension.swift */,
			);
			path = Foundation;
			sourceTree = "<group>";
		};
/* End PBXGroup section */

/* Begin PBXNativeTarget section */
		DC1550A2242F88CE00128B07 /* GAExtension */ = {
			isa = PBXNativeTarget;
			buildConfigurationList = DC1550B7242F88CF00128B07 /* Build configuration list for PBXNativeTarget "GAExtension" */;
			buildPhases = (
				DC15509F242F88CE00128B07 /* Sources */,
				DC1550A0242F88CE00128B07 /* Frameworks */,
				DC1550A1242F88CE00128B07 /* Resources */,
			);
			buildRules = (
			);
			dependencies = (
			);
			name = GAExtension;
			productName = GAExtension;
			productReference = DC1550A3242F88CE00128B07 /* GAExtension.app */;
			productType = "com.apple.product-type.application";
		};
/* End PBXNativeTarget section */

/* Begin PBXProject section */
		DC15509B242F88CE00128B07 /* Project object */ = {
			isa = PBXProject;
			attributes = {
				LastSwiftUpdateCheck = 1130;
				LastUpgradeCheck = 1130;
				ORGANIZATIONNAME = houjianan;
				TargetAttributes = {
					DC1550A2242F88CE00128B07 = {
						CreatedOnToolsVersion = 11.3.1;
					};
				};
			};
			buildConfigurationList = DC15509E242F88CE00128B07 /* Build configuration list for PBXProject "GAExtension" */;
			compatibilityVersion = "Xcode 9.3";
			developmentRegion = en;
			hasScannedForEncodings = 0;
			knownRegions = (
				en,
				Base,
			);
			mainGroup = DC15509A242F88CE00128B07;
			productRefGroup = DC1550A4242F88CE00128B07 /* Products */;
			projectDirPath = "";
			projectRoot = "";
			targets = (
				DC1550A2242F88CE00128B07 /* GAExtension */,
			);
		};
/* End PBXProject section */

/* Begin PBXResourcesBuildPhase section */
		DC1550A1242F88CE00128B07 /* Resources */ = {
			isa = PBXResourcesBuildPhase;
			buildActionMask = 2147483647;
			files = (
				DC1550B3242F88CF00128B07 /* LaunchScreen.storyboard in Resources */,
				DC1550B0242F88CF00128B07 /* Assets.xcassets in Resources */,
				DC1550AE242F88CE00128B07 /* Main.storyboard in Resources */,
			);
			runOnlyForDeploymentPostprocessing = 0;
		};
/* End PBXResourcesBuildPhase section */

/* Begin PBXSourcesBuildPhase section */
		DC15509F242F88CE00128B07 /* Sources */ = {
			isa = PBXSourcesBuildPhase;
			buildActionMask = 2147483647;
			files = (
				DC155156242F909F00128B07 /* Date+Extension.swift in Sources */,
				DC15515E242F909F00128B07 /* String+Extension.swift in Sources */,
				DC15515D242F909F00128B07 /* IndexPath+Extension.swift in Sources */,
				DC15514D242F909F00128B07 /* View+Layout.swift in Sources */,
				DC155140242F909F00128B07 /* UIImageView+Extension.swift in Sources */,
				DC15514C242F909F00128B07 /* UITableViewCell+Extension.swift in Sources */,
				DC155169242F909F00128B07 /* CGFloat+Extension.swift in Sources */,
				DC155153242F909F00128B07 /* UIDevice+Extension.swift in Sources */,
				DC155144242F909F00128B07 /* UIView+Extension.swift in Sources */,
				DC1550AB242F88CE00128B07 /* ViewController.swift in Sources */,
				DC155167242F909F00128B07 /* CGRect+Extension.swift in Sources */,
				DC155157242F909F00128B07 /* NSObject+Extension.swift in Sources */,
				DC155149242F909F00128B07 /* UIView+Watermark.swift in Sources */,
				DC15515A242F909F00128B07 /* JSON+Extension.swift in Sources */,
				DC155145242F909F00128B07 /* UIImage+Extension.swift in Sources */,
				DC155151242F909F00128B07 /* UITableView+Extension.swift in Sources */,
				DC155155242F909F00128B07 /* Int+Extension.swift in Sources */,
				DC155141242F909F00128B07 /* UIFont+Extension.swift in Sources */,
				DC155147242F909F00128B07 /* UIView+Icon.swift in Sources */,
				DC15514F242F909F00128B07 /* UITextField+Extension.swift in Sources */,
				DC155159242F909F00128B07 /* Bundle+Extension.swift in Sources */,
				DC155166242F909F00128B07 /* Path+Extension.swift in Sources */,
				DC155165242F909F00128B07 /* Dictionary+Extension.swift in Sources */,
				DC15515B242F909F00128B07 /* NotificationCenter+Extension.swift in Sources */,
				DC1550A7242F88CE00128B07 /* AppDelegate.swift in Sources */,
				DC155150242F909F00128B07 /* ViewController+Extension.swift in Sources */,
				DC155152242F909F00128B07 /* UIApplication+Extension.swift in Sources */,
				DC155142242F909F00128B07 /* UIColor+Extension.swift in Sources */,
				DC155162242F909F00128B07 /* CoreMedia+Extension.swift in Sources */,
				DC155143242F909F00128B07 /* UIButton+Extension.swift in Sources */,
				DC155163242F909F00128B07 /* Notification+Extension.swift in Sources */,
				DC15514B242F909F00128B07 /* UIView+Shot.swift in Sources */,
				DC155161242F909F00128B07 /* CGPoint+Extension.swift in Sources */,
				DC15515F242F909F00128B07 /* UIStoryboard+Extension.swift in Sources */,
				DC155154242F909F00128B07 /* NSArray+Extension.swift in Sources */,
				DC155168242F909F00128B07 /* NotificationName+Extension.swift in Sources */,
				DC15515C242F909F00128B07 /* URL+Extension.swift in Sources */,
				DC155158242F909F00128B07 /* DispatchQueue+Extension.swift in Sources */,
				DC15514A242F909F00128B07 /* View+GestureRecognizer.swift in Sources */,
				DC155148242F909F00128B07 /* UIScrollView+PlaceHolder.swift in Sources */,
				DC155164242F909F00128B07 /* Timer+Extension.swift in Sources */,
				DC155160242F909F00128B07 /* NSMutableAttributedString+Extension.swift in Sources */,
				DC155146242F909F00128B07 /* UINavigationController+Extension.swift in Sources */,
				DC15514E242F909F00128B07 /* UICollectionView+Extension.swift in Sources */,
			);
			runOnlyForDeploymentPostprocessing = 0;
		};
/* End PBXSourcesBuildPhase section */

/* Begin PBXVariantGroup section */
		DC1550AC242F88CE00128B07 /* Main.storyboard */ = {
			isa = PBXVariantGroup;
			children = (
				DC1550AD242F88CE00128B07 /* Base */,
			);
			name = Main.storyboard;
			sourceTree = "<group>";
		};
		DC1550B1242F88CF00128B07 /* LaunchScreen.storyboard */ = {
			isa = PBXVariantGroup;
			children = (
				DC1550B2242F88CF00128B07 /* Base */,
			);
			name = LaunchScreen.storyboard;
			sourceTree = "<group>";
		};
/* End PBXVariantGroup section */

/* Begin XCBuildConfiguration section */
		DC1550B5242F88CF00128B07 /* Debug */ = {
			isa = XCBuildConfiguration;
			buildSettings = {
				ALWAYS_SEARCH_USER_PATHS = NO;
				CLANG_ANALYZER_NONNULL = YES;
				CLANG_ANALYZER_NUMBER_OBJECT_CONVERSION = YES_AGGRESSIVE;
				CLANG_CXX_LANGUAGE_STANDARD = "gnu++14";
				CLANG_CXX_LIBRARY = "libc++";
				CLANG_ENABLE_MODULES = YES;
				CLANG_ENABLE_OBJC_ARC = YES;
				CLANG_ENABLE_OBJC_WEAK = YES;
				CLANG_WARN_BLOCK_CAPTURE_AUTORELEASING = YES;
				CLANG_WARN_BOOL_CONVERSION = YES;
				CLANG_WARN_COMMA = YES;
				CLANG_WARN_CONSTANT_CONVERSION = YES;
				CLANG_WARN_DEPRECATED_OBJC_IMPLEMENTATIONS = YES;
				CLANG_WARN_DIRECT_OBJC_ISA_USAGE = YES_ERROR;
				CLANG_WARN_DOCUMENTATION_COMMENTS = YES;
				CLANG_WARN_EMPTY_BODY = YES;
				CLANG_WARN_ENUM_CONVERSION = YES;
				CLANG_WARN_INFINITE_RECURSION = YES;
				CLANG_WARN_INT_CONVERSION = YES;
				CLANG_WARN_NON_LITERAL_NULL_CONVERSION = YES;
				CLANG_WARN_OBJC_IMPLICIT_RETAIN_SELF = YES;
				CLANG_WARN_OBJC_LITERAL_CONVERSION = YES;
				CLANG_WARN_OBJC_ROOT_CLASS = YES_ERROR;
				CLANG_WARN_RANGE_LOOP_ANALYSIS = YES;
				CLANG_WARN_STRICT_PROTOTYPES = YES;
				CLANG_WARN_SUSPICIOUS_MOVE = YES;
				CLANG_WARN_UNGUARDED_AVAILABILITY = YES_AGGRESSIVE;
				CLANG_WARN_UNREACHABLE_CODE = YES;
				CLANG_WARN__DUPLICATE_METHOD_MATCH = YES;
				COPY_PHASE_STRIP = NO;
				DEBUG_INFORMATION_FORMAT = dwarf;
				ENABLE_STRICT_OBJC_MSGSEND = YES;
				ENABLE_TESTABILITY = YES;
				GCC_C_LANGUAGE_STANDARD = gnu11;
				GCC_DYNAMIC_NO_PIC = NO;
				GCC_NO_COMMON_BLOCKS = YES;
				GCC_OPTIMIZATION_LEVEL = 0;
				GCC_PREPROCESSOR_DEFINITIONS = (
					"DEBUG=1",
					"$(inherited)",
				);
				GCC_WARN_64_TO_32_BIT_CONVERSION = YES;
				GCC_WARN_ABOUT_RETURN_TYPE = YES_ERROR;
				GCC_WARN_UNDECLARED_SELECTOR = YES;
				GCC_WARN_UNINITIALIZED_AUTOS = YES_AGGRESSIVE;
				GCC_WARN_UNUSED_FUNCTION = YES;
				GCC_WARN_UNUSED_VARIABLE = YES;
				IPHONEOS_DEPLOYMENT_TARGET = 9.0;
				MTL_ENABLE_DEBUG_INFO = INCLUDE_SOURCE;
				MTL_FAST_MATH = YES;
				ONLY_ACTIVE_ARCH = YES;
				SDKROOT = iphoneos;
				SWIFT_ACTIVE_COMPILATION_CONDITIONS = DEBUG;
				SWIFT_OPTIMIZATION_LEVEL = "-Onone";
			};
			name = Debug;
		};
		DC1550B6242F88CF00128B07 /* Release */ = {
			isa = XCBuildConfiguration;
			buildSettings = {
				ALWAYS_SEARCH_USER_PATHS = NO;
				CLANG_ANALYZER_NONNULL = YES;
				CLANG_ANALYZER_NUMBER_OBJECT_CONVERSION = YES_AGGRESSIVE;
				CLANG_CXX_LANGUAGE_STANDARD = "gnu++14";
				CLANG_CXX_LIBRARY = "libc++";
				CLANG_ENABLE_MODULES = YES;
				CLANG_ENABLE_OBJC_ARC = YES;
				CLANG_ENABLE_OBJC_WEAK = YES;
				CLANG_WARN_BLOCK_CAPTURE_AUTORELEASING = YES;
				CLANG_WARN_BOOL_CONVERSION = YES;
				CLANG_WARN_COMMA = YES;
				CLANG_WARN_CONSTANT_CONVERSION = YES;
				CLANG_WARN_DEPRECATED_OBJC_IMPLEMENTATIONS = YES;
				CLANG_WARN_DIRECT_OBJC_ISA_USAGE = YES_ERROR;
				CLANG_WARN_DOCUMENTATION_COMMENTS = YES;
				CLANG_WARN_EMPTY_BODY = YES;
				CLANG_WARN_ENUM_CONVERSION = YES;
				CLANG_WARN_INFINITE_RECURSION = YES;
				CLANG_WARN_INT_CONVERSION = YES;
				CLANG_WARN_NON_LITERAL_NULL_CONVERSION = YES;
				CLANG_WARN_OBJC_IMPLICIT_RETAIN_SELF = YES;
				CLANG_WARN_OBJC_LITERAL_CONVERSION = YES;
				CLANG_WARN_OBJC_ROOT_CLASS = YES_ERROR;
				CLANG_WARN_RANGE_LOOP_ANALYSIS = YES;
				CLANG_WARN_STRICT_PROTOTYPES = YES;
				CLANG_WARN_SUSPICIOUS_MOVE = YES;
				CLANG_WARN_UNGUARDED_AVAILABILITY = YES_AGGRESSIVE;
				CLANG_WARN_UNREACHABLE_CODE = YES;
				CLANG_WARN__DUPLICATE_METHOD_MATCH = YES;
				COPY_PHASE_STRIP = NO;
				DEBUG_INFORMATION_FORMAT = "dwarf-with-dsym";
				ENABLE_NS_ASSERTIONS = NO;
				ENABLE_STRICT_OBJC_MSGSEND = YES;
				GCC_C_LANGUAGE_STANDARD = gnu11;
				GCC_NO_COMMON_BLOCKS = YES;
				GCC_WARN_64_TO_32_BIT_CONVERSION = YES;
				GCC_WARN_ABOUT_RETURN_TYPE = YES_ERROR;
				GCC_WARN_UNDECLARED_SELECTOR = YES;
				GCC_WARN_UNINITIALIZED_AUTOS = YES_AGGRESSIVE;
				GCC_WARN_UNUSED_FUNCTION = YES;
				GCC_WARN_UNUSED_VARIABLE = YES;
				IPHONEOS_DEPLOYMENT_TARGET = 9.0;
				MTL_ENABLE_DEBUG_INFO = NO;
				MTL_FAST_MATH = YES;
				SDKROOT = iphoneos;
				SWIFT_COMPILATION_MODE = wholemodule;
				SWIFT_OPTIMIZATION_LEVEL = "-O";
				VALIDATE_PRODUCT = YES;
			};
			name = Release;
		};
		DC1550B8242F88CF00128B07 /* Debug */ = {
			isa = XCBuildConfiguration;
			buildSettings = {
				ASSETCATALOG_COMPILER_APPICON_NAME = AppIcon;
				CODE_SIGN_STYLE = Automatic;
				DEVELOPMENT_TEAM = HGA4995V4J;
				INFOPLIST_FILE = GAExtension/Info.plist;
				LD_RUNPATH_SEARCH_PATHS = (
					"$(inherited)",
					"@executable_path/Frameworks",
				);
				PRODUCT_BUNDLE_IDENTIFIER = houjianan.GAExtension;
				PRODUCT_NAME = "$(TARGET_NAME)";
				SWIFT_VERSION = 5.0;
				TARGETED_DEVICE_FAMILY = "1,2";
			};
			name = Debug;
		};
		DC1550B9242F88CF00128B07 /* Release */ = {
			isa = XCBuildConfiguration;
			buildSettings = {
				ASSETCATALOG_COMPILER_APPICON_NAME = AppIcon;
				CODE_SIGN_STYLE = Automatic;
				DEVELOPMENT_TEAM = HGA4995V4J;
				INFOPLIST_FILE = GAExtension/Info.plist;
				LD_RUNPATH_SEARCH_PATHS = (
					"$(inherited)",
					"@executable_path/Frameworks",
				);
				PRODUCT_BUNDLE_IDENTIFIER = houjianan.GAExtension;
				PRODUCT_NAME = "$(TARGET_NAME)";
				SWIFT_VERSION = 5.0;
				TARGETED_DEVICE_FAMILY = "1,2";
			};
			name = Release;
		};
/* End XCBuildConfiguration section */

/* Begin XCConfigurationList section */
		DC15509E242F88CE00128B07 /* Build configuration list for PBXProject "GAExtension" */ = {
			isa = XCConfigurationList;
			buildConfigurations = (
				DC1550B5242F88CF00128B07 /* Debug */,
				DC1550B6242F88CF00128B07 /* Release */,
			);
			defaultConfigurationIsVisible = 0;
			defaultConfigurationName = Release;
		};
		DC1550B7242F88CF00128B07 /* Build configuration list for PBXNativeTarget "GAExtension" */ = {
			isa = XCConfigurationList;
			buildConfigurations = (
				DC1550B8242F88CF00128B07 /* Debug */,
				DC1550B9242F88CF00128B07 /* Release */,
			);
			defaultConfigurationIsVisible = 0;
			defaultConfigurationName = Release;
		};
/* End XCConfigurationList section */
	};
	rootObject = DC15509B242F88CE00128B07 /* Project object */;
}
