// !$*UTF8*$!
{
	archiveVersion = 1;
	classes = {
	};
	objectVersion = 50;
	objects = {

/* Begin PBXBuildFile section */
		DC1550A7242F88CE00128B07 /* AppDelegate.swift in Sources */ = {isa = PBXBuildFile; fileRef = DC1550A6242F88CE00128B07 /* AppDelegate.swift */; };
		DC1550AB242F88CE00128B07 /* ViewController.swift in Sources */ = {isa = PBXBuildFile; fileRef = DC1550AA242F88CE00128B07 /* ViewController.swift */; };
		DC1550AE242F88CE00128B07 /* Main.storyboard in Resources */ = {isa = PBXBuildFile; fileRef = DC1550AC242F88CE00128B07 /* Main.storyboard */; };
		DC1550B0242F88CF00128B07 /* Assets.xcassets in Resources */ = {isa = PBXBuildFile; fileRef = DC1550AF242F88CF00128B07 /* Assets.xcassets */; };
		DC1550B3242F88CF00128B07 /* LaunchScreen.storyboard in Resources */ = {isa = PBXBuildFile; fileRef = DC1550B1242F88CF00128B07 /* LaunchScreen.storyboard */; };
		DC25324224322B420018087B /* UIImageView+Extension.swift in Sources */ = {isa = PBXBuildFile; fileRef = DC25321724322B420018087B /* UIImageView+Extension.swift */; };
		DC25324324322B420018087B /* UIFont+Extension.swift in Sources */ = {isa = PBXBuildFile; fileRef = DC25321824322B420018087B /* UIFont+Extension.swift */; };
		DC25324424322B420018087B /* UIColor+Extension.swift in Sources */ = {isa = PBXBuildFile; fileRef = DC25321924322B420018087B /* UIColor+Extension.swift */; };
		DC25324524322B420018087B /* UIButton+Extension.swift in Sources */ = {isa = PBXBuildFile; fileRef = DC25321A24322B420018087B /* UIButton+Extension.swift */; };
		DC25324624322B420018087B /* UIView+Extension.swift in Sources */ = {isa = PBXBuildFile; fileRef = DC25321B24322B420018087B /* UIView+Extension.swift */; };
		DC25324724322B420018087B /* UIImage+Extension.swift in Sources */ = {isa = PBXBuildFile; fileRef = DC25321C24322B420018087B /* UIImage+Extension.swift */; };
		DC25324824322B420018087B /* UINavigationController+Extension.swift in Sources */ = {isa = PBXBuildFile; fileRef = DC25321D24322B420018087B /* UINavigationController+Extension.swift */; };
		DC25324924322B420018087B /* UIView+Icon.swift in Sources */ = {isa = PBXBuildFile; fileRef = DC25321E24322B420018087B /* UIView+Icon.swift */; };
		DC25324A24322B420018087B /* UIScrollView+PlaceHolder.swift in Sources */ = {isa = PBXBuildFile; fileRef = DC25321F24322B420018087B /* UIScrollView+PlaceHolder.swift */; };
		DC25324B24322B420018087B /* UIView+Watermark.swift in Sources */ = {isa = PBXBuildFile; fileRef = DC25322024322B420018087B /* UIView+Watermark.swift */; };
		DC25324C24322B420018087B /* View+GestureRecognizer.swift in Sources */ = {isa = PBXBuildFile; fileRef = DC25322124322B420018087B /* View+GestureRecognizer.swift */; };
		DC25324D24322B420018087B /* UIView+Shot.swift in Sources */ = {isa = PBXBuildFile; fileRef = DC25322224322B420018087B /* UIView+Shot.swift */; };
		DC25324E24322B420018087B /* UITableViewCell+Extension.swift in Sources */ = {isa = PBXBuildFile; fileRef = DC25322324322B420018087B /* UITableViewCell+Extension.swift */; };
		DC25324F24322B420018087B /* View+Layout.swift in Sources */ = {isa = PBXBuildFile; fileRef = DC25322424322B420018087B /* View+Layout.swift */; };
		DC25325024322B420018087B /* UICollectionView+Extension.swift in Sources */ = {isa = PBXBuildFile; fileRef = DC25322524322B420018087B /* UICollectionView+Extension.swift */; };
		DC25325124322B420018087B /* UITextField+Extension.swift in Sources */ = {isa = PBXBuildFile; fileRef = DC25322624322B420018087B /* UITextField+Extension.swift */; };
		DC25325224322B420018087B /* ViewController+Extension.swift in Sources */ = {isa = PBXBuildFile; fileRef = DC25322724322B420018087B /* ViewController+Extension.swift */; };
		DC25325324322B420018087B /* UITableView+Extension.swift in Sources */ = {isa = PBXBuildFile; fileRef = DC25322824322B420018087B /* UITableView+Extension.swift */; };
		DC25325424322B420018087B /* UIApplication+Extension.swift in Sources */ = {isa = PBXBuildFile; fileRef = DC25322A24322B420018087B /* UIApplication+Extension.swift */; };
		DC25325524322B420018087B /* UIDevice+Extension.swift in Sources */ = {isa = PBXBuildFile; fileRef = DC25322B24322B420018087B /* UIDevice+Extension.swift */; };
		DC25325624322B420018087B /* NSArray+Extension.swift in Sources */ = {isa = PBXBuildFile; fileRef = DC25322C24322B420018087B /* NSArray+Extension.swift */; };
		DC25325724322B420018087B /* Int+Extension.swift in Sources */ = {isa = PBXBuildFile; fileRef = DC25322D24322B420018087B /* Int+Extension.swift */; };
		DC25325824322B420018087B /* Date+Extension.swift in Sources */ = {isa = PBXBuildFile; fileRef = DC25322E24322B420018087B /* Date+Extension.swift */; };
		DC25325924322B420018087B /* NSObject+Extension.swift in Sources */ = {isa = PBXBuildFile; fileRef = DC25322F24322B420018087B /* NSObject+Extension.swift */; };
		DC25325A24322B420018087B /* DispatchQueue+Extension.swift in Sources */ = {isa = PBXBuildFile; fileRef = DC25323024322B420018087B /* DispatchQueue+Extension.swift */; };
		DC25325B24322B420018087B /* Bundle+Extension.swift in Sources */ = {isa = PBXBuildFile; fileRef = DC25323124322B420018087B /* Bundle+Extension.swift */; };
		DC25325C24322B420018087B /* JSON+Extension.swift in Sources */ = {isa = PBXBuildFile; fileRef = DC25323224322B420018087B /* JSON+Extension.swift */; };
		DC25325D24322B420018087B /* NotificationCenter+Extension.swift in Sources */ = {isa = PBXBuildFile; fileRef = DC25323324322B420018087B /* NotificationCenter+Extension.swift */; };
		DC25325E24322B420018087B /* URL+Extension.swift in Sources */ = {isa = PBXBuildFile; fileRef = DC25323424322B420018087B /* URL+Extension.swift */; };
		DC25325F24322B420018087B /* IndexPath+Extension.swift in Sources */ = {isa = PBXBuildFile; fileRef = DC25323524322B420018087B /* IndexPath+Extension.swift */; };
		DC25326024322B420018087B /* String+Extension.swift in Sources */ = {isa = PBXBuildFile; fileRef = DC25323624322B420018087B /* String+Extension.swift */; };
		DC25326124322B420018087B /* UIStoryboard+Extension.swift in Sources */ = {isa = PBXBuildFile; fileRef = DC25323724322B420018087B /* UIStoryboard+Extension.swift */; };
		DC25326224322B420018087B /* NSMutableAttributedString+Extension.swift in Sources */ = {isa = PBXBuildFile; fileRef = DC25323824322B420018087B /* NSMutableAttributedString+Extension.swift */; };
		DC25326324322B420018087B /* CGPoint+Extension.swift in Sources */ = {isa = PBXBuildFile; fileRef = DC25323924322B420018087B /* CGPoint+Extension.swift */; };
		DC25326424322B420018087B /* CoreMedia+Extension.swift in Sources */ = {isa = PBXBuildFile; fileRef = DC25323A24322B420018087B /* CoreMedia+Extension.swift */; };
		DC25326524322B420018087B /* Notification+Extension.swift in Sources */ = {isa = PBXBuildFile; fileRef = DC25323B24322B420018087B /* Notification+Extension.swift */; };
		DC25326624322B420018087B /* Timer+Extension.swift in Sources */ = {isa = PBXBuildFile; fileRef = DC25323C24322B420018087B /* Timer+Extension.swift */; };
		DC25326724322B420018087B /* Dictionary+Extension.swift in Sources */ = {isa = PBXBuildFile; fileRef = DC25323D24322B420018087B /* Dictionary+Extension.swift */; };
		DC25326824322B420018087B /* Path+Extension.swift in Sources */ = {isa = PBXBuildFile; fileRef = DC25323E24322B420018087B /* Path+Extension.swift */; };
		DC25326924322B420018087B /* CGRect+Extension.swift in Sources */ = {isa = PBXBuildFile; fileRef = DC25323F24322B420018087B /* CGRect+Extension.swift */; };
		DC25326A24322B420018087B /* NotificationName+Extension.swift in Sources */ = {isa = PBXBuildFile; fileRef = DC25324024322B420018087B /* NotificationName+Extension.swift */; };
		DC25326B24322B420018087B /* CGFloat+Extension.swift in Sources */ = {isa = PBXBuildFile; fileRef = DC25324124322B420018087B /* CGFloat+Extension.swift */; };
		DC25326E24322BB30018087B /* GAListPlaceholderView.xib in Resources */ = {isa = PBXBuildFile; fileRef = DC25326C24322BB30018087B /* GAListPlaceholderView.xib */; };
		DC25326F24322BB30018087B /* GAListPlaceholderView.swift in Sources */ = {isa = PBXBuildFile; fileRef = DC25326D24322BB30018087B /* GAListPlaceholderView.swift */; };
/* End PBXBuildFile section */

/* Begin PBXFileReference section */
		DC1550A3242F88CE00128B07 /* GAExtension.app */ = {isa = PBXFileReference; explicitFileType = wrapper.application; includeInIndex = 0; path = GAExtension.app; sourceTree = BUILT_PRODUCTS_DIR; };
		DC1550A6242F88CE00128B07 /* AppDelegate.swift */ = {isa = PBXFileReference; lastKnownFileType = sourcecode.swift; path = AppDelegate.swift; sourceTree = "<group>"; };
		DC1550AA242F88CE00128B07 /* ViewController.swift */ = {isa = PBXFileReference; lastKnownFileType = sourcecode.swift; path = ViewController.swift; sourceTree = "<group>"; };
		DC1550AD242F88CE00128B07 /* Base */ = {isa = PBXFileReference; lastKnownFileType = file.storyboard; name = Base; path = Base.lproj/Main.storyboard; sourceTree = "<group>"; };
		DC1550AF242F88CF00128B07 /* Assets.xcassets */ = {isa = PBXFileReference; lastKnownFileType = folder.assetcatalog; path = Assets.xcassets; sourceTree = "<group>"; };
		DC1550B2242F88CF00128B07 /* Base */ = {isa = PBXFileReference; lastKnownFileType = file.storyboard; name = Base; path = Base.lproj/LaunchScreen.storyboard; sourceTree = "<group>"; };
		DC1550B4242F88CF00128B07 /* Info.plist */ = {isa = PBXFileReference; lastKnownFileType = text.plist.xml; path = Info.plist; sourceTree = "<group>"; };
		DC25321724322B420018087B /* UIImageView+Extension.swift */ = {isa = PBXFileReference; fileEncoding = 4; lastKnownFileType = sourcecode.swift; path = "UIImageView+Extension.swift"; sourceTree = "<group>"; };
		DC25321824322B420018087B /* UIFont+Extension.swift */ = {isa = PBXFileReference; fileEncoding = 4; lastKnownFileType = sourcecode.swift; path = "UIFont+Extension.swift"; sourceTree = "<group>"; };
		DC25321924322B420018087B /* UIColor+Extension.swift */ = {isa = PBXFileReference; fileEncoding = 4; lastKnownFileType = sourcecode.swift; path = "UIColor+Extension.swift"; sourceTree = "<group>"; };
		DC25321A24322B420018087B /* UIButton+Extension.swift */ = {isa = PBXFileReference; fileEncoding = 4; lastKnownFileType = sourcecode.swift; path = "UIButton+Extension.swift"; sourceTree = "<group>"; };
		DC25321B24322B420018087B /* UIView+Extension.swift */ = {isa = PBXFileReference; fileEncoding = 4; lastKnownFileType = sourcecode.swift; path = "UIView+Extension.swift"; sourceTree = "<group>"; };
		DC25321C24322B420018087B /* UIImage+Extension.swift */ = {isa = PBXFileReference; fileEncoding = 4; lastKnownFileType = sourcecode.swift; path = "UIImage+Extension.swift"; sourceTree = "<group>"; };
		DC25321D24322B420018087B /* UINavigationController+Extension.swift */ = {isa = PBXFileReference; fileEncoding = 4; lastKnownFileType = sourcecode.swift; path = "UINavigationController+Extension.swift"; sourceTree = "<group>"; };
		DC25321E24322B420018087B /* UIView+Icon.swift */ = {isa = PBXFileReference; fileEncoding = 4; lastKnownFileType = sourcecode.swift; path = "UIView+Icon.swift"; sourceTree = "<group>"; };
		DC25321F24322B420018087B /* UIScrollView+PlaceHolder.swift */ = {isa = PBXFileReference; fileEncoding = 4; lastKnownFileType = sourcecode.swift; path = "UIScrollView+PlaceHolder.swift"; sourceTree = "<group>"; };
		DC25322024322B420018087B /* UIView+Watermark.swift */ = {isa = PBXFileReference; fileEncoding = 4; lastKnownFileType = sourcecode.swift; path = "UIView+Watermark.swift"; sourceTree = "<group>"; };
		DC25322124322B420018087B /* View+GestureRecognizer.swift */ = {isa = PBXFileReference; fileEncoding = 4; lastKnownFileType = sourcecode.swift; path = "View+GestureRecognizer.swift"; sourceTree = "<group>"; };
		DC25322224322B420018087B /* UIView+Shot.swift */ = {isa = PBXFileReference; fileEncoding = 4; lastKnownFileType = sourcecode.swift; path = "UIView+Shot.swift"; sourceTree = "<group>"; };
		DC25322324322B420018087B /* UITableViewCell+Extension.swift */ = {isa = PBXFileReference; fileEncoding = 4; lastKnownFileType = sourcecode.swift; path = "UITableViewCell+Extension.swift"; sourceTree = "<group>"; };
		DC25322424322B420018087B /* View+Layout.swift */ = {isa = PBXFileReference; fileEncoding = 4; lastKnownFileType = sourcecode.swift; path = "View+Layout.swift"; sourceTree = "<group>"; };
		DC25322524322B420018087B /* UICollectionView+Extension.swift */ = {isa = PBXFileReference; fileEncoding = 4; lastKnownFileType = sourcecode.swift; path = "UICollectionView+Extension.swift"; sourceTree = "<group>"; };
		DC25322624322B420018087B /* UITextField+Extension.swift */ = {isa = PBXFileReference; fileEncoding = 4; lastKnownFileType = sourcecode.swift; path = "UITextField+Extension.swift"; sourceTree = "<group>"; };
		DC25322724322B420018087B /* ViewController+Extension.swift */ = {isa = PBXFileReference; fileEncoding = 4; lastKnownFileType = sourcecode.swift; path = "ViewController+Extension.swift"; sourceTree = "<group>"; };
		DC25322824322B420018087B /* UITableView+Extension.swift */ = {isa = PBXFileReference; fileEncoding = 4; lastKnownFileType = sourcecode.swift; path = "UITableView+Extension.swift"; sourceTree = "<group>"; };
		DC25322A24322B420018087B /* UIApplication+Extension.swift */ = {isa = PBXFileReference; fileEncoding = 4; lastKnownFileType = sourcecode.swift; path = "UIApplication+Extension.swift"; sourceTree = "<group>"; };
		DC25322B24322B420018087B /* UIDevice+Extension.swift */ = {isa = PBXFileReference; fileEncoding = 4; lastKnownFileType = sourcecode.swift; path = "UIDevice+Extension.swift"; sourceTree = "<group>"; };
		DC25322C24322B420018087B /* NSArray+Extension.swift */ = {isa = PBXFileReference; fileEncoding = 4; lastKnownFileType = sourcecode.swift; path = "NSArray+Extension.swift"; sourceTree = "<group>"; };
		DC25322D24322B420018087B /* Int+Extension.swift */ = {isa = PBXFileReference; fileEncoding = 4; lastKnownFileType = sourcecode.swift; path = "Int+Extension.swift"; sourceTree = "<group>"; };
		DC25322E24322B420018087B /* Date+Extension.swift */ = {isa = PBXFileReference; fileEncoding = 4; lastKnownFileType = sourcecode.swift; path = "Date+Extension.swift"; sourceTree = "<group>"; };
		DC25322F24322B420018087B /* NSObject+Extension.swift */ = {isa = PBXFileReference; fileEncoding = 4; lastKnownFileType = sourcecode.swift; path = "NSObject+Extension.swift"; sourceTree = "<group>"; };
		DC25323024322B420018087B /* DispatchQueue+Extension.swift */ = {isa = PBXFileReference; fileEncoding = 4; lastKnownFileType = sourcecode.swift; path = "DispatchQueue+Extension.swift"; sourceTree = "<group>"; };
		DC25323124322B420018087B /* Bundle+Extension.swift */ = {isa = PBXFileReference; fileEncoding = 4; lastKnownFileType = sourcecode.swift; path = "Bundle+Extension.swift"; sourceTree = "<group>"; };
		DC25323224322B420018087B /* JSON+Extension.swift */ = {isa = PBXFileReference; fileEncoding = 4; lastKnownFileType = sourcecode.swift; path = "JSON+Extension.swift"; sourceTree = "<group>"; };
		DC25323324322B420018087B /* NotificationCenter+Extension.swift */ = {isa = PBXFileReference; fileEncoding = 4; lastKnownFileType = sourcecode.swift; path = "NotificationCenter+Extension.swift"; sourceTree = "<group>"; };
		DC25323424322B420018087B /* URL+Extension.swift */ = {isa = PBXFileReference; fileEncoding = 4; lastKnownFileType = sourcecode.swift; path = "URL+Extension.swift"; sourceTree = "<group>"; };
		DC25323524322B420018087B /* IndexPath+Extension.swift */ = {isa = PBXFileReference; fileEncoding = 4; lastKnownFileType = sourcecode.swift; path = "IndexPath+Extension.swift"; sourceTree = "<group>"; };
		DC25323624322B420018087B /* String+Extension.swift */ = {isa = PBXFileReference; fileEncoding = 4; lastKnownFileType = sourcecode.swift; path = "String+Extension.swift"; sourceTree = "<group>"; };
		DC25323724322B420018087B /* UIStoryboard+Extension.swift */ = {isa = PBXFileReference; fileEncoding = 4; lastKnownFileType = sourcecode.swift; path = "UIStoryboard+Extension.swift"; sourceTree = "<group>"; };
		DC25323824322B420018087B /* NSMutableAttributedString+Extension.swift */ = {isa = PBXFileReference; fileEncoding = 4; lastKnownFileType = sourcecode.swift; path = "NSMutableAttributedString+Extension.swift"; sourceTree = "<group>"; };
		DC25323924322B420018087B /* CGPoint+Extension.swift */ = {isa = PBXFileReference; fileEncoding = 4; lastKnownFileType = sourcecode.swift; path = "CGPoint+Extension.swift"; sourceTree = "<group>"; };
		DC25323A24322B420018087B /* CoreMedia+Extension.swift */ = {isa = PBXFileReference; fileEncoding = 4; lastKnownFileType = sourcecode.swift; path = "CoreMedia+Extension.swift"; sourceTree = "<group>"; };
		DC25323B24322B420018087B /* Notification+Extension.swift */ = {isa = PBXFileReference; fileEncoding = 4; lastKnownFileType = sourcecode.swift; path = "Notification+Extension.swift"; sourceTree = "<group>"; };
		DC25323C24322B420018087B /* Timer+Extension.swift */ = {isa = PBXFileReference; fileEncoding = 4; lastKnownFileType = sourcecode.swift; path = "Timer+Extension.swift"; sourceTree = "<group>"; };
		DC25323D24322B420018087B /* Dictionary+Extension.swift */ = {isa = PBXFileReference; fileEncoding = 4; lastKnownFileType = sourcecode.swift; path = "Dictionary+Extension.swift"; sourceTree = "<group>"; };
		DC25323E24322B420018087B /* Path+Extension.swift */ = {isa = PBXFileReference; fileEncoding = 4; lastKnownFileType = sourcecode.swift; path = "Path+Extension.swift"; sourceTree = "<group>"; };
		DC25323F24322B420018087B /* CGRect+Extension.swift */ = {isa = PBXFileReference; fileEncoding = 4; lastKnownFileType = sourcecode.swift; path = "CGRect+Extension.swift"; sourceTree = "<group>"; };
		DC25324024322B420018087B /* NotificationName+Extension.swift */ = {isa = PBXFileReference; fileEncoding = 4; lastKnownFileType = sourcecode.swift; path = "NotificationName+Extension.swift"; sourceTree = "<group>"; };
		DC25324124322B420018087B /* CGFloat+Extension.swift */ = {isa = PBXFileReference; fileEncoding = 4; lastKnownFileType = sourcecode.swift; path = "CGFloat+Extension.swift"; sourceTree = "<group>"; };
		DC25326C24322BB30018087B /* GAListPlaceholderView.xib */ = {isa = PBXFileReference; fileEncoding = 4; lastKnownFileType = file.xib; path = GAListPlaceholderView.xib; sourceTree = "<group>"; };
		DC25326D24322BB30018087B /* GAListPlaceholderView.swift */ = {isa = PBXFileReference; fileEncoding = 4; lastKnownFileType = sourcecode.swift; path = GAListPlaceholderView.swift; sourceTree = "<group>"; };
/* End PBXFileReference section */

/* Begin PBXFrameworksBuildPhase section */
		DC1550A0242F88CE00128B07 /* Frameworks */ = {
			isa = PBXFrameworksBuildPhase;
			buildActionMask = 2147483647;
			files = (
			);
			runOnlyForDeploymentPostprocessing = 0;
		};
/* End PBXFrameworksBuildPhase section */

/* Begin PBXGroup section */
		DC15509A242F88CE00128B07 = {
			isa = PBXGroup;
			children = (
				DC1550A5242F88CE00128B07 /* GAExtension */,
				DC1550A4242F88CE00128B07 /* Products */,
			);
			sourceTree = "<group>";
		};
		DC1550A4242F88CE00128B07 /* Products */ = {
			isa = PBXGroup;
			children = (
				DC1550A3242F88CE00128B07 /* GAExtension.app */,
			);
			name = Products;
			sourceTree = "<group>";
		};
		DC1550A5242F88CE00128B07 /* GAExtension */ = {
			isa = PBXGroup;
			children = (
				DC25326D24322BB30018087B /* GAListPlaceholderView.swift */,
				DC25326C24322BB30018087B /* GAListPlaceholderView.xib */,
				DC25321524322B420018087B /* Classes */,
				DC1550A6242F88CE00128B07 /* AppDelegate.swift */,
				DC1550AA242F88CE00128B07 /* ViewController.swift */,
				DC1550AC242F88CE00128B07 /* Main.storyboard */,
				DC1550AF242F88CF00128B07 /* Assets.xcassets */,
				DC1550B1242F88CF00128B07 /* LaunchScreen.storyboard */,
				DC1550B4242F88CF00128B07 /* Info.plist */,
			);
			path = GAExtension;
			sourceTree = "<group>";
		};
		DC25321524322B420018087B /* Classes */ = {
			isa = PBXGroup;
			children = (
				DC25321624322B420018087B /* UIKit */,
				DC25322924322B420018087B /* Foundation */,
			);
			name = Classes;
			path = ../../Classes;
			sourceTree = "<group>";
		};
		DC25321624322B420018087B /* UIKit */ = {
			isa = PBXGroup;
			children = (
				DC25321724322B420018087B /* UIImageView+Extension.swift */,
				DC25321824322B420018087B /* UIFont+Extension.swift */,
				DC25321924322B420018087B /* UIColor+Extension.swift */,
				DC25321A24322B420018087B /* UIButton+Extension.swift */,
				DC25321B24322B420018087B /* UIView+Extension.swift */,
				DC25321C24322B420018087B /* UIImage+Extension.swift */,
				DC25321D24322B420018087B /* UINavigationController+Extension.swift */,
				DC25321E24322B420018087B /* UIView+Icon.swift */,
				DC25321F24322B420018087B /* UIScrollView+PlaceHolder.swift */,
				DC25322024322B420018087B /* UIView+Watermark.swift */,
				DC25322124322B420018087B /* View+GestureRecognizer.swift */,
				DC25322224322B420018087B /* UIView+Shot.swift */,
				DC25322324322B420018087B /* UITableViewCell+Extension.swift */,
				DC25322424322B420018087B /* View+Layout.swift */,
				DC25322524322B420018087B /* UICollectionView+Extension.swift */,
				DC25322624322B420018087B /* UITextField+Extension.swift */,
				DC25322724322B420018087B /* ViewController+Extension.swift */,
				DC25322824322B420018087B /* UITableView+Extension.swift */,
			);
			path = UIKit;
			sourceTree = "<group>";
		};
		DC25322924322B420018087B /* Foundation */ = {
			isa = PBXGroup;
			children = (
				DC25322A24322B420018087B /* UIApplication+Extension.swift */,
				DC25322B24322B420018087B /* UIDevice+Extension.swift */,
				DC25322C24322B420018087B /* NSArray+Extension.swift */,
				DC25322D24322B420018087B /* Int+Extension.swift */,
				DC25322E24322B420018087B /* Date+Extension.swift */,
				DC25322F24322B420018087B /* NSObject+Extension.swift */,
				DC25323024322B420018087B /* DispatchQueue+Extension.swift */,
				DC25323124322B420018087B /* Bundle+Extension.swift */,
				DC25323224322B420018087B /* JSON+Extension.swift */,
				DC25323324322B420018087B /* NotificationCenter+Extension.swift */,
				DC25323424322B420018087B /* URL+Extension.swift */,
				DC25323524322B420018087B /* IndexPath+Extension.swift */,
				DC25323624322B420018087B /* String+Extension.swift */,
				DC25323724322B420018087B /* UIStoryboard+Extension.swift */,
				DC25323824322B420018087B /* NSMutableAttributedString+Extension.swift */,
				DC25323924322B420018087B /* CGPoint+Extension.swift */,
				DC25323A24322B420018087B /* CoreMedia+Extension.swift */,
				DC25323B24322B420018087B /* Notification+Extension.swift */,
				DC25323C24322B420018087B /* Timer+Extension.swift */,
				DC25323D24322B420018087B /* Dictionary+Extension.swift */,
				DC25323E24322B420018087B /* Path+Extension.swift */,
				DC25323F24322B420018087B /* CGRect+Extension.swift */,
				DC25324024322B420018087B /* NotificationName+Extension.swift */,
				DC25324124322B420018087B /* CGFloat+Extension.swift */,
			);
			path = Foundation;
			sourceTree = "<group>";
		};
/* End PBXGroup section */

/* Begin PBXNativeTarget section */
		DC1550A2242F88CE00128B07 /* GAExtension */ = {
			isa = PBXNativeTarget;
			buildConfigurationList = DC1550B7242F88CF00128B07 /* Build configuration list for PBXNativeTarget "GAExtension" */;
			buildPhases = (
				DC15509F242F88CE00128B07 /* Sources */,
				DC1550A0242F88CE00128B07 /* Frameworks */,
				DC1550A1242F88CE00128B07 /* Resources */,
			);
			buildRules = (
			);
			dependencies = (
			);
			name = GAExtension;
			productName = GAExtension;
			productReference = DC1550A3242F88CE00128B07 /* GAExtension.app */;
			productType = "com.apple.product-type.application";
		};
/* End PBXNativeTarget section */

/* Begin PBXProject section */
		DC15509B242F88CE00128B07 /* Project object */ = {
			isa = PBXProject;
			attributes = {
				LastSwiftUpdateCheck = 1130;
				LastUpgradeCheck = 1130;
				ORGANIZATIONNAME = houjianan;
				TargetAttributes = {
					DC1550A2242F88CE00128B07 = {
						CreatedOnToolsVersion = 11.3.1;
					};
				};
			};
			buildConfigurationList = DC15509E242F88CE00128B07 /* Build configuration list for PBXProject "GAExtension" */;
			compatibilityVersion = "Xcode 9.3";
			developmentRegion = en;
			hasScannedForEncodings = 0;
			knownRegions = (
				en,
				Base,
			);
			mainGroup = DC15509A242F88CE00128B07;
			productRefGroup = DC1550A4242F88CE00128B07 /* Products */;
			projectDirPath = "";
			projectRoot = "";
			targets = (
				DC1550A2242F88CE00128B07 /* GAExtension */,
			);
		};
/* End PBXProject section */

/* Begin PBXResourcesBuildPhase section */
		DC1550A1242F88CE00128B07 /* Resources */ = {
			isa = PBXResourcesBuildPhase;
			buildActionMask = 2147483647;
			files = (
				DC25326E24322BB30018087B /* GAListPlaceholderView.xib in Resources */,
				DC1550B3242F88CF00128B07 /* LaunchScreen.storyboard in Resources */,
				DC1550B0242F88CF00128B07 /* Assets.xcassets in Resources */,
				DC1550AE242F88CE00128B07 /* Main.storyboard in Resources */,
			);
			runOnlyForDeploymentPostprocessing = 0;
		};
/* End PBXResourcesBuildPhase section */

/* Begin PBXSourcesBuildPhase section */
		DC15509F242F88CE00128B07 /* Sources */ = {
			isa = PBXSourcesBuildPhase;
			buildActionMask = 2147483647;
			files = (
				DC25325824322B420018087B /* Date+Extension.swift in Sources */,
				DC25326024322B420018087B /* String+Extension.swift in Sources */,
				DC25326F24322BB30018087B /* GAListPlaceholderView.swift in Sources */,
				DC25325F24322B420018087B /* IndexPath+Extension.swift in Sources */,
				DC25324F24322B420018087B /* View+Layout.swift in Sources */,
				DC25324224322B420018087B /* UIImageView+Extension.swift in Sources */,
				DC25324E24322B420018087B /* UITableViewCell+Extension.swift in Sources */,
				DC25326B24322B420018087B /* CGFloat+Extension.swift in Sources */,
				DC25325524322B420018087B /* UIDevice+Extension.swift in Sources */,
				DC25324624322B420018087B /* UIView+Extension.swift in Sources */,
				DC1550AB242F88CE00128B07 /* ViewController.swift in Sources */,
				DC25326924322B420018087B /* CGRect+Extension.swift in Sources */,
				DC25325924322B420018087B /* NSObject+Extension.swift in Sources */,
				DC25324B24322B420018087B /* UIView+Watermark.swift in Sources */,
				DC25325C24322B420018087B /* JSON+Extension.swift in Sources */,
				DC25324724322B420018087B /* UIImage+Extension.swift in Sources */,
				DC25325324322B420018087B /* UITableView+Extension.swift in Sources */,
				DC25325724322B420018087B /* Int+Extension.swift in Sources */,
				DC25324324322B420018087B /* UIFont+Extension.swift in Sources */,
				DC25324924322B420018087B /* UIView+Icon.swift in Sources */,
				DC25325124322B420018087B /* UITextField+Extension.swift in Sources */,
				DC25325B24322B420018087B /* Bundle+Extension.swift in Sources */,
				DC25326824322B420018087B /* Path+Extension.swift in Sources */,
				DC25326724322B420018087B /* Dictionary+Extension.swift in Sources */,
				DC25325D24322B420018087B /* NotificationCenter+Extension.swift in Sources */,
				DC1550A7242F88CE00128B07 /* AppDelegate.swift in Sources */,
				DC25325224322B420018087B /* ViewController+Extension.swift in Sources */,
				DC25325424322B420018087B /* UIApplication+Extension.swift in Sources */,
				DC25324424322B420018087B /* UIColor+Extension.swift in Sources */,
				DC25326424322B420018087B /* CoreMedia+Extension.swift in Sources */,
				DC25324524322B420018087B /* UIButton+Extension.swift in Sources */,
				DC25326524322B420018087B /* Notification+Extension.swift in Sources */,
				DC25324D24322B420018087B /* UIView+Shot.swift in Sources */,
				DC25326324322B420018087B /* CGPoint+Extension.swift in Sources */,
				DC25326124322B420018087B /* UIStoryboard+Extension.swift in Sources */,
				DC25325624322B420018087B /* NSArray+Extension.swift in Sources */,
				DC25326A24322B420018087B /* NotificationName+Extension.swift in Sources */,
				DC25325E24322B420018087B /* URL+Extension.swift in Sources */,
				DC25325A24322B420018087B /* DispatchQueue+Extension.swift in Sources */,
				DC25324C24322B420018087B /* View+GestureRecognizer.swift in Sources */,
				DC25324A24322B420018087B /* UIScrollView+PlaceHolder.swift in Sources */,
				DC25326624322B420018087B /* Timer+Extension.swift in Sources */,
				DC25326224322B420018087B /* NSMutableAttributedString+Extension.swift in Sources */,
				DC25324824322B420018087B /* UINavigationController+Extension.swift in Sources */,
				DC25325024322B420018087B /* UICollectionView+Extension.swift in Sources */,
			);
			runOnlyForDeploymentPostprocessing = 0;
		};
/* End PBXSourcesBuildPhase section */

/* Begin PBXVariantGroup section */
		DC1550AC242F88CE00128B07 /* Main.storyboard */ = {
			isa = PBXVariantGroup;
			children = (
				DC1550AD242F88CE00128B07 /* Base */,
			);
			name = Main.storyboard;
			sourceTree = "<group>";
		};
		DC1550B1242F88CF00128B07 /* LaunchScreen.storyboard */ = {
			isa = PBXVariantGroup;
			children = (
				DC1550B2242F88CF00128B07 /* Base */,
			);
			name = LaunchScreen.storyboard;
			sourceTree = "<group>";
		};
/* End PBXVariantGroup section */

/* Begin XCBuildConfiguration section */
		DC1550B5242F88CF00128B07 /* Debug */ = {
			isa = XCBuildConfiguration;
			buildSettings = {
				ALWAYS_SEARCH_USER_PATHS = NO;
				CLANG_ANALYZER_NONNULL = YES;
				CLANG_ANALYZER_NUMBER_OBJECT_CONVERSION = YES_AGGRESSIVE;
				CLANG_CXX_LANGUAGE_STANDARD = "gnu++14";
				CLANG_CXX_LIBRARY = "libc++";
				CLANG_ENABLE_MODULES = YES;
				CLANG_ENABLE_OBJC_ARC = YES;
				CLANG_ENABLE_OBJC_WEAK = YES;
				CLANG_WARN_BLOCK_CAPTURE_AUTORELEASING = YES;
				CLANG_WARN_BOOL_CONVERSION = YES;
				CLANG_WARN_COMMA = YES;
				CLANG_WARN_CONSTANT_CONVERSION = YES;
				CLANG_WARN_DEPRECATED_OBJC_IMPLEMENTATIONS = YES;
				CLANG_WARN_DIRECT_OBJC_ISA_USAGE = YES_ERROR;
				CLANG_WARN_DOCUMENTATION_COMMENTS = YES;
				CLANG_WARN_EMPTY_BODY = YES;
				CLANG_WARN_ENUM_CONVERSION = YES;
				CLANG_WARN_INFINITE_RECURSION = YES;
				CLANG_WARN_INT_CONVERSION = YES;
				CLANG_WARN_NON_LITERAL_NULL_CONVERSION = YES;
				CLANG_WARN_OBJC_IMPLICIT_RETAIN_SELF = YES;
				CLANG_WARN_OBJC_LITERAL_CONVERSION = YES;
				CLANG_WARN_OBJC_ROOT_CLASS = YES_ERROR;
				CLANG_WARN_RANGE_LOOP_ANALYSIS = YES;
				CLANG_WARN_STRICT_PROTOTYPES = YES;
				CLANG_WARN_SUSPICIOUS_MOVE = YES;
				CLANG_WARN_UNGUARDED_AVAILABILITY = YES_AGGRESSIVE;
				CLANG_WARN_UNREACHABLE_CODE = YES;
				CLANG_WARN__DUPLICATE_METHOD_MATCH = YES;
				COPY_PHASE_STRIP = NO;
				DEBUG_INFORMATION_FORMAT = dwarf;
				ENABLE_STRICT_OBJC_MSGSEND = YES;
				ENABLE_TESTABILITY = YES;
				GCC_C_LANGUAGE_STANDARD = gnu11;
				GCC_DYNAMIC_NO_PIC = NO;
				GCC_NO_COMMON_BLOCKS = YES;
				GCC_OPTIMIZATION_LEVEL = 0;
				GCC_PREPROCESSOR_DEFINITIONS = (
					"DEBUG=1",
					"$(inherited)",
				);
				GCC_WARN_64_TO_32_BIT_CONVERSION = YES;
				GCC_WARN_ABOUT_RETURN_TYPE = YES_ERROR;
				GCC_WARN_UNDECLARED_SELECTOR = YES;
				GCC_WARN_UNINITIALIZED_AUTOS = YES_AGGRESSIVE;
				GCC_WARN_UNUSED_FUNCTION = YES;
				GCC_WARN_UNUSED_VARIABLE = YES;
				IPHONEOS_DEPLOYMENT_TARGET = 9.0;
				MTL_ENABLE_DEBUG_INFO = INCLUDE_SOURCE;
				MTL_FAST_MATH = YES;
				ONLY_ACTIVE_ARCH = YES;
				SDKROOT = iphoneos;
				SWIFT_ACTIVE_COMPILATION_CONDITIONS = DEBUG;
				SWIFT_OPTIMIZATION_LEVEL = "-Onone";
			};
			name = Debug;
		};
		DC1550B6242F88CF00128B07 /* Release */ = {
			isa = XCBuildConfiguration;
			buildSettings = {
				ALWAYS_SEARCH_USER_PATHS = NO;
				CLANG_ANALYZER_NONNULL = YES;
				CLANG_ANALYZER_NUMBER_OBJECT_CONVERSION = YES_AGGRESSIVE;
				CLANG_CXX_LANGUAGE_STANDARD = "gnu++14";
				CLANG_CXX_LIBRARY = "libc++";
				CLANG_ENABLE_MODULES = YES;
				CLANG_ENABLE_OBJC_ARC = YES;
				CLANG_ENABLE_OBJC_WEAK = YES;
				CLANG_WARN_BLOCK_CAPTURE_AUTORELEASING = YES;
				CLANG_WARN_BOOL_CONVERSION = YES;
				CLANG_WARN_COMMA = YES;
				CLANG_WARN_CONSTANT_CONVERSION = YES;
				CLANG_WARN_DEPRECATED_OBJC_IMPLEMENTATIONS = YES;
				CLANG_WARN_DIRECT_OBJC_ISA_USAGE = YES_ERROR;
				CLANG_WARN_DOCUMENTATION_COMMENTS = YES;
				CLANG_WARN_EMPTY_BODY = YES;
				CLANG_WARN_ENUM_CONVERSION = YES;
				CLANG_WARN_INFINITE_RECURSION = YES;
				CLANG_WARN_INT_CONVERSION = YES;
				CLANG_WARN_NON_LITERAL_NULL_CONVERSION = YES;
				CLANG_WARN_OBJC_IMPLICIT_RETAIN_SELF = YES;
				CLANG_WARN_OBJC_LITERAL_CONVERSION = YES;
				CLANG_WARN_OBJC_ROOT_CLASS = YES_ERROR;
				CLANG_WARN_RANGE_LOOP_ANALYSIS = YES;
				CLANG_WARN_STRICT_PROTOTYPES = YES;
				CLANG_WARN_SUSPICIOUS_MOVE = YES;
				CLANG_WARN_UNGUARDED_AVAILABILITY = YES_AGGRESSIVE;
				CLANG_WARN_UNREACHABLE_CODE = YES;
				CLANG_WARN__DUPLICATE_METHOD_MATCH = YES;
				COPY_PHASE_STRIP = NO;
				DEBUG_INFORMATION_FORMAT = "dwarf-with-dsym";
				ENABLE_NS_ASSERTIONS = NO;
				ENABLE_STRICT_OBJC_MSGSEND = YES;
				GCC_C_LANGUAGE_STANDARD = gnu11;
				GCC_NO_COMMON_BLOCKS = YES;
				GCC_WARN_64_TO_32_BIT_CONVERSION = YES;
				GCC_WARN_ABOUT_RETURN_TYPE = YES_ERROR;
				GCC_WARN_UNDECLARED_SELECTOR = YES;
				GCC_WARN_UNINITIALIZED_AUTOS = YES_AGGRESSIVE;
				GCC_WARN_UNUSED_FUNCTION = YES;
				GCC_WARN_UNUSED_VARIABLE = YES;
				IPHONEOS_DEPLOYMENT_TARGET = 9.0;
				MTL_ENABLE_DEBUG_INFO = NO;
				MTL_FAST_MATH = YES;
				SDKROOT = iphoneos;
				SWIFT_COMPILATION_MODE = wholemodule;
				SWIFT_OPTIMIZATION_LEVEL = "-O";
				VALIDATE_PRODUCT = YES;
			};
			name = Release;
		};
		DC1550B8242F88CF00128B07 /* Debug */ = {
			isa = XCBuildConfiguration;
			buildSettings = {
				ASSETCATALOG_COMPILER_APPICON_NAME = AppIcon;
				CODE_SIGN_STYLE = Automatic;
				DEVELOPMENT_TEAM = HGA4995V4J;
				INFOPLIST_FILE = GAExtension/Info.plist;
				LD_RUNPATH_SEARCH_PATHS = (
					"$(inherited)",
					"@executable_path/Frameworks",
				);
				PRODUCT_BUNDLE_IDENTIFIER = houjianan.GAExtension;
				PRODUCT_NAME = "$(TARGET_NAME)";
				SWIFT_VERSION = 5.0;
				TARGETED_DEVICE_FAMILY = "1,2";
			};
			name = Debug;
		};
		DC1550B9242F88CF00128B07 /* Release */ = {
			isa = XCBuildConfiguration;
			buildSettings = {
				ASSETCATALOG_COMPILER_APPICON_NAME = AppIcon;
				CODE_SIGN_STYLE = Automatic;
				DEVELOPMENT_TEAM = HGA4995V4J;
				INFOPLIST_FILE = GAExtension/Info.plist;
				LD_RUNPATH_SEARCH_PATHS = (
					"$(inherited)",
					"@executable_path/Frameworks",
				);
				PRODUCT_BUNDLE_IDENTIFIER = houjianan.GAExtension;
				PRODUCT_NAME = "$(TARGET_NAME)";
				SWIFT_VERSION = 5.0;
				TARGETED_DEVICE_FAMILY = "1,2";
			};
			name = Release;
		};
/* End XCBuildConfiguration section */

/* Begin XCConfigurationList section */
		DC15509E242F88CE00128B07 /* Build configuration list for PBXProject "GAExtension" */ = {
			isa = XCConfigurationList;
			buildConfigurations = (
				DC1550B5242F88CF00128B07 /* Debug */,
				DC1550B6242F88CF00128B07 /* Release */,
			);
			defaultConfigurationIsVisible = 0;
			defaultConfigurationName = Release;
		};
		DC1550B7242F88CF00128B07 /* Build configuration list for PBXNativeTarget "GAExtension" */ = {
			isa = XCConfigurationList;
			buildConfigurations = (
				DC1550B8242F88CF00128B07 /* Debug */,
				DC1550B9242F88CF00128B07 /* Release */,
			);
			defaultConfigurationIsVisible = 0;
			defaultConfigurationName = Release;
		};
/* End XCConfigurationList section */
	};
	rootObject = DC15509B242F88CE00128B07 /* Project object */;
}
